// !$*UTF8*$!
{
	archiveVersion = 1;
	classes = {
	};
	objectVersion = 50;
	objects = {

/* Begin PBXBuildFile section */
		3C58947624B972310023B513 /* AppDelegate.m in Sources */ = {isa = PBXBuildFile; fileRef = 3C58947524B972310023B513 /* AppDelegate.m */; };
		3C58947924B972310023B513 /* SceneDelegate.m in Sources */ = {isa = PBXBuildFile; fileRef = 3C58947824B972310023B513 /* SceneDelegate.m */; };
		3C58947C24B972310023B513 /* ViewController.m in Sources */ = {isa = PBXBuildFile; fileRef = 3C58947B24B972310023B513 /* ViewController.m */; };
		3C58947F24B972310023B513 /* Main.storyboard in Resources */ = {isa = PBXBuildFile; fileRef = 3C58947D24B972310023B513 /* Main.storyboard */; };
		3C58948124B972320023B513 /* Assets.xcassets in Resources */ = {isa = PBXBuildFile; fileRef = 3C58948024B972320023B513 /* Assets.xcassets */; };
		3C58948424B972320023B513 /* LaunchScreen.storyboard in Resources */ = {isa = PBXBuildFile; fileRef = 3C58948224B972320023B513 /* LaunchScreen.storyboard */; };
		3C58948724B972320023B513 /* main.m in Sources */ = {isa = PBXBuildFile; fileRef = 3C58948624B972320023B513 /* main.m */; };
		3C5894BC24B994B00023B513 /* bamboo.mp4 in Resources */ = {isa = PBXBuildFile; fileRef = 3C5894BA24B994B00023B513 /* bamboo.mp4 */; };
		3C5894BD24B994B00023B513 /* sea.mp4 in Resources */ = {isa = PBXBuildFile; fileRef = 3C5894BB24B994B00023B513 /* sea.mp4 */; };
		3C5894D224B9A4010023B513 /* KKVideoCompositionInstruction.m in Sources */ = {isa = PBXBuildFile; fileRef = 3C5894C924B9A4010023B513 /* KKVideoCompositionInstruction.m */; };
		3C5894D324B9A4010023B513 /* KKVideoCompositor.m in Sources */ = {isa = PBXBuildFile; fileRef = 3C5894CA24B9A4010023B513 /* KKVideoCompositor.m */; };
		3C5894D424B9A4010023B513 /* KKVideoEditorPreviewView.m in Sources */ = {isa = PBXBuildFile; fileRef = 3C5894CF24B9A4010023B513 /* KKVideoEditorPreviewView.m */; };
		3C5894D524B9A4010023B513 /* black_empty.mp4 in Resources */ = {isa = PBXBuildFile; fileRef = 3C5894D124B9A4010023B513 /* black_empty.mp4 */; };
		3C5894DB24B9A6B10023B513 /* KKVideoEditorFactory.m in Sources */ = {isa = PBXBuildFile; fileRef = 3C5894DA24B9A6B10023B513 /* KKVideoEditorFactory.m */; };
		3C5894DF24B9B1C30023B513 /* IMG_3451.jpeg in Resources */ = {isa = PBXBuildFile; fileRef = 3C5894DD24B9B1C30023B513 /* IMG_3451.jpeg */; };
		3C5894E024B9B1C30023B513 /* IMG_2629.jpeg in Resources */ = {isa = PBXBuildFile; fileRef = 3C5894DE24B9B1C30023B513 /* IMG_2629.jpeg */; };
		3C5894E324B9B2530023B513 /* KKVideoCompositionLayerInstruction.m in Sources */ = {isa = PBXBuildFile; fileRef = 3C5894E224B9B2530023B513 /* KKVideoCompositionLayerInstruction.m */; };
/* End PBXBuildFile section */

/* Begin PBXFileReference section */
		3C58947124B972310023B513 /* KKVideoEditorDemo.app */ = {isa = PBXFileReference; explicitFileType = wrapper.application; includeInIndex = 0; path = KKVideoEditorDemo.app; sourceTree = BUILT_PRODUCTS_DIR; };
		3C58947424B972310023B513 /* AppDelegate.h */ = {isa = PBXFileReference; lastKnownFileType = sourcecode.c.h; path = AppDelegate.h; sourceTree = "<group>"; };
		3C58947524B972310023B513 /* AppDelegate.m */ = {isa = PBXFileReference; lastKnownFileType = sourcecode.c.objc; path = AppDelegate.m; sourceTree = "<group>"; };
		3C58947724B972310023B513 /* SceneDelegate.h */ = {isa = PBXFileReference; lastKnownFileType = sourcecode.c.h; path = SceneDelegate.h; sourceTree = "<group>"; };
		3C58947824B972310023B513 /* SceneDelegate.m */ = {isa = PBXFileReference; lastKnownFileType = sourcecode.c.objc; path = SceneDelegate.m; sourceTree = "<group>"; };
		3C58947A24B972310023B513 /* ViewController.h */ = {isa = PBXFileReference; lastKnownFileType = sourcecode.c.h; path = ViewController.h; sourceTree = "<group>"; };
		3C58947B24B972310023B513 /* ViewController.m */ = {isa = PBXFileReference; lastKnownFileType = sourcecode.c.objc; path = ViewController.m; sourceTree = "<group>"; };
		3C58947E24B972310023B513 /* Base */ = {isa = PBXFileReference; lastKnownFileType = file.storyboard; name = Base; path = Base.lproj/Main.storyboard; sourceTree = "<group>"; };
		3C58948024B972320023B513 /* Assets.xcassets */ = {isa = PBXFileReference; lastKnownFileType = folder.assetcatalog; path = Assets.xcassets; sourceTree = "<group>"; };
		3C58948324B972320023B513 /* Base */ = {isa = PBXFileReference; lastKnownFileType = file.storyboard; name = Base; path = Base.lproj/LaunchScreen.storyboard; sourceTree = "<group>"; };
		3C58948524B972320023B513 /* Info.plist */ = {isa = PBXFileReference; lastKnownFileType = text.plist.xml; path = Info.plist; sourceTree = "<group>"; };
		3C58948624B972320023B513 /* main.m */ = {isa = PBXFileReference; lastKnownFileType = sourcecode.c.objc; path = main.m; sourceTree = "<group>"; };
		3C5894BA24B994B00023B513 /* bamboo.mp4 */ = {isa = PBXFileReference; lastKnownFileType = file; path = bamboo.mp4; sourceTree = "<group>"; };
		3C5894BB24B994B00023B513 /* sea.mp4 */ = {isa = PBXFileReference; lastKnownFileType = file; path = sea.mp4; sourceTree = "<group>"; };
		3C5894C724B9A4010023B513 /* KKVideoCompositionInstruction.h */ = {isa = PBXFileReference; fileEncoding = 4; lastKnownFileType = sourcecode.c.h; path = KKVideoCompositionInstruction.h; sourceTree = "<group>"; };
		3C5894C824B9A4010023B513 /* KKVideoCompositor.h */ = {isa = PBXFileReference; fileEncoding = 4; lastKnownFileType = sourcecode.c.h; path = KKVideoCompositor.h; sourceTree = "<group>"; };
		3C5894C924B9A4010023B513 /* KKVideoCompositionInstruction.m */ = {isa = PBXFileReference; fileEncoding = 4; lastKnownFileType = sourcecode.c.objc; path = KKVideoCompositionInstruction.m; sourceTree = "<group>"; };
		3C5894CA24B9A4010023B513 /* KKVideoCompositor.m */ = {isa = PBXFileReference; fileEncoding = 4; lastKnownFileType = sourcecode.c.objc; path = KKVideoCompositor.m; sourceTree = "<group>"; };
		3C5894CC24B9A4010023B513 /* KKCMTimeExtension.h */ = {isa = PBXFileReference; fileEncoding = 4; lastKnownFileType = sourcecode.c.h; path = KKCMTimeExtension.h; sourceTree = "<group>"; };
		3C5894CE24B9A4010023B513 /* KKVideoEditorPreviewView.h */ = {isa = PBXFileReference; fileEncoding = 4; lastKnownFileType = sourcecode.c.h; path = KKVideoEditorPreviewView.h; sourceTree = "<group>"; };
		3C5894CF24B9A4010023B513 /* KKVideoEditorPreviewView.m */ = {isa = PBXFileReference; fileEncoding = 4; lastKnownFileType = sourcecode.c.objc; path = KKVideoEditorPreviewView.m; sourceTree = "<group>"; };
		3C5894D124B9A4010023B513 /* black_empty.mp4 */ = {isa = PBXFileReference; lastKnownFileType = file; path = black_empty.mp4; sourceTree = "<group>"; };
		3C5894D924B9A6B10023B513 /* KKVideoEditorFactory.h */ = {isa = PBXFileReference; lastKnownFileType = sourcecode.c.h; path = KKVideoEditorFactory.h; sourceTree = "<group>"; };
		3C5894DA24B9A6B10023B513 /* KKVideoEditorFactory.m */ = {isa = PBXFileReference; lastKnownFileType = sourcecode.c.objc; path = KKVideoEditorFactory.m; sourceTree = "<group>"; };
		3C5894DD24B9B1C30023B513 /* IMG_3451.jpeg */ = {isa = PBXFileReference; lastKnownFileType = image.jpeg; path = IMG_3451.jpeg; sourceTree = "<group>"; };
		3C5894DE24B9B1C30023B513 /* IMG_2629.jpeg */ = {isa = PBXFileReference; lastKnownFileType = image.jpeg; path = IMG_2629.jpeg; sourceTree = "<group>"; };
		3C5894E124B9B2530023B513 /* KKVideoCompositionLayerInstruction.h */ = {isa = PBXFileReference; lastKnownFileType = sourcecode.c.h; path = KKVideoCompositionLayerInstruction.h; sourceTree = "<group>"; };
		3C5894E224B9B2530023B513 /* KKVideoCompositionLayerInstruction.m */ = {isa = PBXFileReference; lastKnownFileType = sourcecode.c.objc; path = KKVideoCompositionLayerInstruction.m; sourceTree = "<group>"; };
/* End PBXFileReference section */

/* Begin PBXFrameworksBuildPhase section */
		3C58946E24B972310023B513 /* Frameworks */ = {
			isa = PBXFrameworksBuildPhase;
			buildActionMask = 2147483647;
			files = (
			);
			runOnlyForDeploymentPostprocessing = 0;
		};
/* End PBXFrameworksBuildPhase section */

/* Begin PBXGroup section */
		3C58946824B972310023B513 = {
			isa = PBXGroup;
			children = (
				3C5894C424B9A4010023B513 /* KKVideoEditor */,
				3C58947324B972310023B513 /* KKVideoEditorDemo */,
				3C58947224B972310023B513 /* Products */,
			);
			sourceTree = "<group>";
		};
		3C58947224B972310023B513 /* Products */ = {
			isa = PBXGroup;
			children = (
				3C58947124B972310023B513 /* KKVideoEditorDemo.app */,
			);
			name = Products;
			sourceTree = "<group>";
		};
		3C58947324B972310023B513 /* KKVideoEditorDemo */ = {
			isa = PBXGroup;
			children = (
				3C5894DC24B9B1B30023B513 /* Resource */,
				3C58947424B972310023B513 /* AppDelegate.h */,
				3C58947524B972310023B513 /* AppDelegate.m */,
				3C58947724B972310023B513 /* SceneDelegate.h */,
				3C58947824B972310023B513 /* SceneDelegate.m */,
				3C58947A24B972310023B513 /* ViewController.h */,
				3C58947B24B972310023B513 /* ViewController.m */,
				3C58947D24B972310023B513 /* Main.storyboard */,
				3C58948024B972320023B513 /* Assets.xcassets */,
				3C5894BA24B994B00023B513 /* bamboo.mp4 */,
				3C5894BB24B994B00023B513 /* sea.mp4 */,
				3C58948224B972320023B513 /* LaunchScreen.storyboard */,
				3C58948524B972320023B513 /* Info.plist */,
				3C58948624B972320023B513 /* main.m */,
			);
			path = KKVideoEditorDemo;
			sourceTree = "<group>";
		};
		3C5894C424B9A4010023B513 /* KKVideoEditor */ = {
			isa = PBXGroup;
			children = (
				3C5894C524B9A4010023B513 /* Core */,
				3C5894CB24B9A4010023B513 /* Uitl */,
				3C5894CD24B9A4010023B513 /* View */,
				3C5894D024B9A4010023B513 /* Resource */,
			);
			name = KKVideoEditor;
			path = KKVideoEditorDemo/KKVideoEditor;
			sourceTree = "<group>";
		};
		3C5894C524B9A4010023B513 /* Core */ = {
			isa = PBXGroup;
			children = (
				3C5894C624B9A4010023B513 /* Video */,
			);
			path = Core;
			sourceTree = "<group>";
		};
		3C5894C624B9A4010023B513 /* Video */ = {
			isa = PBXGroup;
			children = (
				3C5894C724B9A4010023B513 /* KKVideoCompositionInstruction.h */,
				3C5894C924B9A4010023B513 /* KKVideoCompositionInstruction.m */,
				3C5894E124B9B2530023B513 /* KKVideoCompositionLayerInstruction.h */,
				3C5894E224B9B2530023B513 /* KKVideoCompositionLayerInstruction.m */,
				3C5894C824B9A4010023B513 /* KKVideoCompositor.h */,
				3C5894CA24B9A4010023B513 /* KKVideoCompositor.m */,
			);
			path = Video;
			sourceTree = "<group>";
		};
		3C5894CB24B9A4010023B513 /* Uitl */ = {
			isa = PBXGroup;
			children = (
				3C5894CC24B9A4010023B513 /* KKCMTimeExtension.h */,
				3C5894D924B9A6B10023B513 /* KKVideoEditorFactory.h */,
				3C5894DA24B9A6B10023B513 /* KKVideoEditorFactory.m */,
			);
			path = Uitl;
			sourceTree = "<group>";
		};
		3C5894CD24B9A4010023B513 /* View */ = {
			isa = PBXGroup;
			children = (
				3C5894CE24B9A4010023B513 /* KKVideoEditorPreviewView.h */,
				3C5894CF24B9A4010023B513 /* KKVideoEditorPreviewView.m */,
			);
			path = View;
			sourceTree = "<group>";
		};
		3C5894D024B9A4010023B513 /* Resource */ = {
			isa = PBXGroup;
			children = (
				3C5894D124B9A4010023B513 /* black_empty.mp4 */,
			);
			path = Resource;
			sourceTree = "<group>";
		};
		3C5894DC24B9B1B30023B513 /* Resource */ = {
			isa = PBXGroup;
			children = (
				3C5894DE24B9B1C30023B513 /* IMG_2629.jpeg */,
				3C5894DD24B9B1C30023B513 /* IMG_3451.jpeg */,
			);
			path = Resource;
			sourceTree = "<group>";
		};
/* End PBXGroup section */

/* Begin PBXNativeTarget section */
		3C58947024B972310023B513 /* KKVideoEditorDemo */ = {
			isa = PBXNativeTarget;
			buildConfigurationList = 3C5894A024B972320023B513 /* Build configuration list for PBXNativeTarget "KKVideoEditorDemo" */;
			buildPhases = (
				3C58946D24B972310023B513 /* Sources */,
				3C58946E24B972310023B513 /* Frameworks */,
				3C58946F24B972310023B513 /* Resources */,
			);
			buildRules = (
			);
			dependencies = (
			);
			name = KKVideoEditorDemo;
			productName = VideoEditorDemo;
			productReference = 3C58947124B972310023B513 /* KKVideoEditorDemo.app */;
			productType = "com.apple.product-type.application";
		};
/* End PBXNativeTarget section */

/* Begin PBXProject section */
		3C58946924B972310023B513 /* Project object */ = {
			isa = PBXProject;
			attributes = {
				CLASSPREFIX = KK;
				LastUpgradeCheck = 1200;
				TargetAttributes = {
					3C58947024B972310023B513 = {
						CreatedOnToolsVersion = 12.0;
					};
				};
			};
			buildConfigurationList = 3C58946C24B972310023B513 /* Build configuration list for PBXProject "KKVideoEditorDemo" */;
			compatibilityVersion = "Xcode 9.3";
			developmentRegion = en;
			hasScannedForEncodings = 0;
			knownRegions = (
				en,
				Base,
			);
			mainGroup = 3C58946824B972310023B513;
			productRefGroup = 3C58947224B972310023B513 /* Products */;
			projectDirPath = "";
			projectRoot = "";
			targets = (
				3C58947024B972310023B513 /* KKVideoEditorDemo */,
			);
		};
/* End PBXProject section */

/* Begin PBXResourcesBuildPhase section */
		3C58946F24B972310023B513 /* Resources */ = {
			isa = PBXResourcesBuildPhase;
			buildActionMask = 2147483647;
			files = (
				3C5894E024B9B1C30023B513 /* IMG_2629.jpeg in Resources */,
				3C58948424B972320023B513 /* LaunchScreen.storyboard in Resources */,
				3C58948124B972320023B513 /* Assets.xcassets in Resources */,
				3C5894BD24B994B00023B513 /* sea.mp4 in Resources */,
				3C5894D524B9A4010023B513 /* black_empty.mp4 in Resources */,
				3C5894DF24B9B1C30023B513 /* IMG_3451.jpeg in Resources */,
				3C58947F24B972310023B513 /* Main.storyboard in Resources */,
				3C5894BC24B994B00023B513 /* bamboo.mp4 in Resources */,
			);
			runOnlyForDeploymentPostprocessing = 0;
		};
/* End PBXResourcesBuildPhase section */

/* Begin PBXSourcesBuildPhase section */
		3C58946D24B972310023B513 /* Sources */ = {
			isa = PBXSourcesBuildPhase;
			buildActionMask = 2147483647;
			files = (
				3C5894D224B9A4010023B513 /* KKVideoCompositionInstruction.m in Sources */,
				3C58947C24B972310023B513 /* ViewController.m in Sources */,
				3C58947624B972310023B513 /* AppDelegate.m in Sources */,
				3C5894E324B9B2530023B513 /* KKVideoCompositionLayerInstruction.m in Sources */,
				3C5894D424B9A4010023B513 /* KKVideoEditorPreviewView.m in Sources */,
				3C58948724B972320023B513 /* main.m in Sources */,
				3C5894DB24B9A6B10023B513 /* KKVideoEditorFactory.m in Sources */,
				3C5894D324B9A4010023B513 /* KKVideoCompositor.m in Sources */,
				3C58947924B972310023B513 /* SceneDelegate.m in Sources */,
			);
			runOnlyForDeploymentPostprocessing = 0;
		};
/* End PBXSourcesBuildPhase section */

/* Begin PBXVariantGroup section */
		3C58947D24B972310023B513 /* Main.storyboard */ = {
			isa = PBXVariantGroup;
			children = (
				3C58947E24B972310023B513 /* Base */,
			);
			name = Main.storyboard;
			sourceTree = "<group>";
		};
		3C58948224B972320023B513 /* LaunchScreen.storyboard */ = {
			isa = PBXVariantGroup;
			children = (
				3C58948324B972320023B513 /* Base */,
			);
			name = LaunchScreen.storyboard;
			sourceTree = "<group>";
		};
/* End PBXVariantGroup section */

/* Begin XCBuildConfiguration section */
		3C58949E24B972320023B513 /* Debug */ = {
			isa = XCBuildConfiguration;
			buildSettings = {
				ALWAYS_SEARCH_USER_PATHS = NO;
				CLANG_ANALYZER_NONNULL = YES;
				CLANG_ANALYZER_NUMBER_OBJECT_CONVERSION = YES_AGGRESSIVE;
				CLANG_CXX_LANGUAGE_STANDARD = "gnu++14";
				CLANG_CXX_LIBRARY = "libc++";
				CLANG_ENABLE_MODULES = YES;
				CLANG_ENABLE_OBJC_ARC = YES;
				CLANG_ENABLE_OBJC_WEAK = YES;
				CLANG_WARN_BLOCK_CAPTURE_AUTORELEASING = YES;
				CLANG_WARN_BOOL_CONVERSION = YES;
				CLANG_WARN_COMMA = YES;
				CLANG_WARN_CONSTANT_CONVERSION = YES;
				CLANG_WARN_DEPRECATED_OBJC_IMPLEMENTATIONS = YES;
				CLANG_WARN_DIRECT_OBJC_ISA_USAGE = YES_ERROR;
				CLANG_WARN_DOCUMENTATION_COMMENTS = YES;
				CLANG_WARN_EMPTY_BODY = YES;
				CLANG_WARN_ENUM_CONVERSION = YES;
				CLANG_WARN_INFINITE_RECURSION = YES;
				CLANG_WARN_INT_CONVERSION = YES;
				CLANG_WARN_NON_LITERAL_NULL_CONVERSION = YES;
				CLANG_WARN_OBJC_IMPLICIT_RETAIN_SELF = YES;
				CLANG_WARN_OBJC_LITERAL_CONVERSION = YES;
				CLANG_WARN_OBJC_ROOT_CLASS = YES_ERROR;
				CLANG_WARN_QUOTED_INCLUDE_IN_FRAMEWORK_HEADER = YES;
				CLANG_WARN_RANGE_LOOP_ANALYSIS = YES;
				CLANG_WARN_STRICT_PROTOTYPES = YES;
				CLANG_WARN_SUSPICIOUS_MOVE = YES;
				CLANG_WARN_UNGUARDED_AVAILABILITY = YES_AGGRESSIVE;
				CLANG_WARN_UNREACHABLE_CODE = YES;
				CLANG_WARN__DUPLICATE_METHOD_MATCH = YES;
				COPY_PHASE_STRIP = NO;
				DEBUG_INFORMATION_FORMAT = dwarf;
				ENABLE_STRICT_OBJC_MSGSEND = YES;
				ENABLE_TESTABILITY = YES;
				GCC_C_LANGUAGE_STANDARD = gnu11;
				GCC_DYNAMIC_NO_PIC = NO;
				GCC_NO_COMMON_BLOCKS = YES;
				GCC_OPTIMIZATION_LEVEL = 0;
				GCC_PREPROCESSOR_DEFINITIONS = (
					"DEBUG=1",
					"$(inherited)",
				);
				GCC_WARN_64_TO_32_BIT_CONVERSION = YES;
				GCC_WARN_ABOUT_RETURN_TYPE = YES_ERROR;
				GCC_WARN_UNDECLARED_SELECTOR = YES;
				GCC_WARN_UNINITIALIZED_AUTOS = YES_AGGRESSIVE;
				GCC_WARN_UNUSED_FUNCTION = YES;
				GCC_WARN_UNUSED_VARIABLE = YES;
				IPHONEOS_DEPLOYMENT_TARGET = 14.0;
				MTL_ENABLE_DEBUG_INFO = INCLUDE_SOURCE;
				MTL_FAST_MATH = YES;
				ONLY_ACTIVE_ARCH = YES;
				SDKROOT = iphoneos;
			};
			name = Debug;
		};
		3C58949F24B972320023B513 /* Release */ = {
			isa = XCBuildConfiguration;
			buildSettings = {
				ALWAYS_SEARCH_USER_PATHS = NO;
				CLANG_ANALYZER_NONNULL = YES;
				CLANG_ANALYZER_NUMBER_OBJECT_CONVERSION = YES_AGGRESSIVE;
				CLANG_CXX_LANGUAGE_STANDARD = "gnu++14";
				CLANG_CXX_LIBRARY = "libc++";
				CLANG_ENABLE_MODULES = YES;
				CLANG_ENABLE_OBJC_ARC = YES;
				CLANG_ENABLE_OBJC_WEAK = YES;
				CLANG_WARN_BLOCK_CAPTURE_AUTORELEASING = YES;
				CLANG_WARN_BOOL_CONVERSION = YES;
				CLANG_WARN_COMMA = YES;
				CLANG_WARN_CONSTANT_CONVERSION = YES;
				CLANG_WARN_DEPRECATED_OBJC_IMPLEMENTATIONS = YES;
				CLANG_WARN_DIRECT_OBJC_ISA_USAGE = YES_ERROR;
				CLANG_WARN_DOCUMENTATION_COMMENTS = YES;
				CLANG_WARN_EMPTY_BODY = YES;
				CLANG_WARN_ENUM_CONVERSION = YES;
				CLANG_WARN_INFINITE_RECURSION = YES;
				CLANG_WARN_INT_CONVERSION = YES;
				CLANG_WARN_NON_LITERAL_NULL_CONVERSION = YES;
				CLANG_WARN_OBJC_IMPLICIT_RETAIN_SELF = YES;
				CLANG_WARN_OBJC_LITERAL_CONVERSION = YES;
				CLANG_WARN_OBJC_ROOT_CLASS = YES_ERROR;
				CLANG_WARN_QUOTED_INCLUDE_IN_FRAMEWORK_HEADER = YES;
				CLANG_WARN_RANGE_LOOP_ANALYSIS = YES;
				CLANG_WARN_STRICT_PROTOTYPES = YES;
				CLANG_WARN_SUSPICIOUS_MOVE = YES;
				CLANG_WARN_UNGUARDED_AVAILABILITY = YES_AGGRESSIVE;
				CLANG_WARN_UNREACHABLE_CODE = YES;
				CLANG_WARN__DUPLICATE_METHOD_MATCH = YES;
				COPY_PHASE_STRIP = NO;
				DEBUG_INFORMATION_FORMAT = "dwarf-with-dsym";
				ENABLE_NS_ASSERTIONS = NO;
				ENABLE_STRICT_OBJC_MSGSEND = YES;
				GCC_C_LANGUAGE_STANDARD = gnu11;
				GCC_NO_COMMON_BLOCKS = YES;
				GCC_WARN_64_TO_32_BIT_CONVERSION = YES;
				GCC_WARN_ABOUT_RETURN_TYPE = YES_ERROR;
				GCC_WARN_UNDECLARED_SELECTOR = YES;
				GCC_WARN_UNINITIALIZED_AUTOS = YES_AGGRESSIVE;
				GCC_WARN_UNUSED_FUNCTION = YES;
				GCC_WARN_UNUSED_VARIABLE = YES;
				IPHONEOS_DEPLOYMENT_TARGET = 14.0;
				MTL_ENABLE_DEBUG_INFO = NO;
				MTL_FAST_MATH = YES;
				SDKROOT = iphoneos;
				VALIDATE_PRODUCT = YES;
			};
			name = Release;
		};
		3C5894A124B972320023B513 /* Debug */ = {
			isa = XCBuildConfiguration;
			buildSettings = {
				ASSETCATALOG_COMPILER_APPICON_NAME = AppIcon;
				ASSETCATALOG_COMPILER_GLOBAL_ACCENT_COLOR_NAME = AccentColor;
				CODE_SIGN_IDENTITY = "iPhone Developer";
				CODE_SIGN_STYLE = Manual;
				DEVELOPMENT_TEAM = 492U995837;
				INFOPLIST_FILE = KKVideoEditorDemo/Info.plist;
				IPHONEOS_DEPLOYMENT_TARGET = 13.0;
				LD_RUNPATH_SEARCH_PATHS = (
					"$(inherited)",
					"@executable_path/Frameworks",
				);
				PRODUCT_BUNDLE_IDENTIFIER = com.taihe.VideoEditorDemo;
				PRODUCT_NAME = "$(TARGET_NAME)";
				PROVISIONING_PROFILE_SPECIFIER = "match Development com.taihe.*";
				TARGETED_DEVICE_FAMILY = "1,2";
			};
			name = Debug;
		};
		3C5894A224B972320023B513 /* Release */ = {
			isa = XCBuildConfiguration;
			buildSettings = {
				ASSETCATALOG_COMPILER_APPICON_NAME = AppIcon;
				ASSETCATALOG_COMPILER_GLOBAL_ACCENT_COLOR_NAME = AccentColor;
				CODE_SIGN_IDENTITY = "iPhone Developer";
				CODE_SIGN_STYLE = Manual;
				DEVELOPMENT_TEAM = 492U995837;
				INFOPLIST_FILE = KKVideoEditorDemo/Info.plist;
				IPHONEOS_DEPLOYMENT_TARGET = 13.0;
				LD_RUNPATH_SEARCH_PATHS = (
					"$(inherited)",
					"@executable_path/Frameworks",
				);
				PRODUCT_BUNDLE_IDENTIFIER = com.taihe.VideoEditorDemo;
				PRODUCT_NAME = "$(TARGET_NAME)";
				PROVISIONING_PROFILE_SPECIFIER = "match Development com.taihe.*";
				TARGETED_DEVICE_FAMILY = "1,2";
			};
			name = Release;
		};
/* End XCBuildConfiguration section */

/* Begin XCConfigurationList section */
		3C58946C24B972310023B513 /* Build configuration list for PBXProject "KKVideoEditorDemo" */ = {
			isa = XCConfigurationList;
			buildConfigurations = (
				3C58949E24B972320023B513 /* Debug */,
				3C58949F24B972320023B513 /* Release */,
			);
			defaultConfigurationIsVisible = 0;
			defaultConfigurationName = Release;
		};
		3C5894A024B972320023B513 /* Build configuration list for PBXNativeTarget "KKVideoEditorDemo" */ = {
			isa = XCConfigurationList;
			buildConfigurations = (
				3C5894A124B972320023B513 /* Debug */,
				3C5894A224B972320023B513 /* Release */,
			);
			defaultConfigurationIsVisible = 0;
			defaultConfigurationName = Release;
		};
/* End XCConfigurationList section */
	};
	rootObject = 3C58946924B972310023B513 /* Project object */;
}
